
Microsoft Visual Studio Solution File, Format Version 12.00
# Visual Studio Version 17
VisualStudioVersion = 17.5.33530.505
MinimumVisualStudioVersion = 10.0.40219.1
Project("{FAE04EC0-301F-11D3-BF4B-00C04F79EFBC}") = "CRUD ASP.NET", "CRUD ASP.NET\CRUD ASP.NET.csproj", "{021C9D19-B73C-4D1F-8E71-9233F19DAB17}"
EndProject
Global
	GlobalSection(SolutionConfigurationPlatforms) = preSolution
		Debug|Any CPU = Debug|Any CPU
		Release|Any CPU = Release|Any CPU
	EndGlobalSection
	GlobalSection(ProjectConfigurationPlatforms) = postSolution
		{021C9D19-B73C-4D1F-8E71-9233F19DAB17}.Debug|Any CPU.ActiveCfg = Debug|Any CPU
		{021C9D19-B73C-4D1F-8E71-9233F19DAB17}.Debug|Any CPU.Build.0 = Debug|Any CPU
		{021C9D19-B73C-4D1F-8E71-9233F19DAB17}.Release|Any CPU.ActiveCfg = Release|Any CPU
		{021C9D19-B73C-4D1F-8E71-9233F19DAB17}.Release|Any CPU.Build.0 = Release|Any CPU
	EndGlobalSection
	GlobalSection(SolutionProperties) = preSolution
		HideSolutionNode = FALSE
	EndGlobalSection
	GlobalSection(ExtensibilityGlobals) = postSolution
		SolutionGuid = {D5068AA9-3B2F-4826-B83A-561B4DC3F38A}
	EndGlobalSection
EndGlobal
